
Microsoft Visual Studio Solution File, Format Version 12.00
# Visual Studio Version 17
VisualStudioVersion = 17.9.34728.123
MinimumVisualStudioVersion = 10.0.40219.1
Project("{FAE04EC0-301F-11D3-BF4B-00C04F79EFBC}") = "ResourceShare.API", "ResourceShare.API.csproj", "{EC542D55-A848-4A61-BA21-518C46B8AFA9}"
EndProject
Global
	GlobalSection(SolutionConfigurationPlatforms) = preSolution
		Debug|Any CPU = Debug|Any CPU
		Release|Any CPU = Release|Any CPU
	EndGlobalSection
	GlobalSection(ProjectConfigurationPlatforms) = postSolution
		{EC542D55-A848-4A61-BA21-518C46B8AFA9}.Debug|Any CPU.ActiveCfg = Debug|Any CPU
		{EC542D55-A848-4A61-BA21-518C46B8AFA9}.Debug|Any CPU.Build.0 = Debug|Any CPU
		{EC542D55-A848-4A61-BA21-518C46B8AFA9}.Release|Any CPU.ActiveCfg = Release|Any CPU
		{EC542D55-A848-4A61-BA21-518C46B8AFA9}.Release|Any CPU.Build.0 = Release|Any CPU
	EndGlobalSection
	GlobalSection(SolutionProperties) = preSolution
		HideSolutionNode = FALSE
	EndGlobalSection
	GlobalSection(ExtensibilityGlobals) = postSolution
		SolutionGuid = {79788478-9E60-4E74-9779-9D3137B042CD}
	EndGlobalSection
EndGlobal
